#MicroXplorer Configuration settings - do not modify
Mcu.Family=STM32L4
ProjectManager.MainLocation=Core/Src
PA0-CK_IN.GPIO_Label=GPI_A00_0
PA0-CK_IN.GPIOParameters=GPIO_PuPd,GPIO_Label
PA6.Mode=Full_Duplex_Master
RCC.USART1Freq_Value=32000000
PA14\ (JTCK/SWCLK).GPIOParameters=GPIO_Label
USART2.IPParameters=VirtualMode-Asynchronous
RCC.CortexFreq_Value=32000000
I2C1.I2C_Speed_Mode=I2C_Fast
ProjectManager.KeepUserCode=true
Mcu.UserName=STM32L412KBTx
SPI1.VirtualType=VM_MASTER
I2C1.GeneralCallMode=I2C_GENERALCALL_DISABLE
USART1.BaudRate=38400
PA3.GPIO_PuPd=GPIO_PULLUP
PA12.GPIOParameters=GPIO_PuPd,GPIO_Label
ProjectManager.functionlistsort=1-MX_GPIO_Init-GPIO-false-HAL-true,2-SystemClock_Config-RCC-false-HAL-false,3-MX_I2C1_Init-I2C1-false-HAL-true,4-MX_I2C3_Init-I2C3-false-HAL-true,5-MX_SPI1_Init-SPI1-false-HAL-true,6-MX_USART1_UART_Init-USART1-false-HAL-true,7-MX_USART2_UART_Init-USART2-false-HAL-true,8-MX_WWDG_Init-WWDG-false-HAL-true
PA11.GPIOParameters=GPIO_PuPd,GPIO_Label
PA3.GPIOParameters=GPIO_PuPd,GPIO_Label
PB0.GPIO_Label=GPO_B00_0
RCC.USART2Freq_Value=32000000
PA15\ (JTDI).Signal=USART2_RX
PH3-BOOT0\ (BOOT0).Signal=GPIO_Output
PA11.GPIO_PuPd=GPIO_PULLUP
USART1.IPParameters=VirtualMode-Asynchronous,BaudRate
PB3\ (JTDO/TRACESWO).GPIOParameters=GPIO_Label
PinOutPanel.RotationAngle=0
RCC.MCO1PinFreq_Value=32000000
ProjectManager.StackSize=0x400
RCC.I2C3Freq_Value=32000000
RCC.LPTIM1Freq_Value=32000000
Mcu.IP4=RCC
RCC.FCLKCortexFreq_Value=32000000
Mcu.IP5=SPI1
Mcu.IP2=I2C3
I2C1.IPParameters=I2C_Speed_Mode,Timing,DualAddressMode,GeneralCallMode
NVIC.SVCall_IRQn=true\:0\:0\:false\:false\:false\:false\:false\:false
Mcu.IP3=NVIC
Mcu.IP0=FREERTOS
PA12.Locked=true
PA14\ (JTCK/SWCLK).Signal=SYS_JTCK-SWCLK
PA15\ (JTDI).Mode=Asynchronous
Mcu.IP1=I2C1
PA12.Signal=GPIO_Input
PC15-OSC32_OUT\ (PC15).GPIOParameters=GPIO_Label
Mcu.UserConstants=
Mcu.ThirdPartyNb=0
SPI1.Direction=SPI_DIRECTION_2LINES
RCC.HCLKFreq_Value=32000000
Mcu.IPNb=10
ProjectManager.PreviousToolchain=STM32CubeIDE
RCC.APB2TimFreq_Value=32000000
PB6.Signal=USART1_TX
PB6.Mode=Asynchronous
SPI1.CalculateBaudRate=4.0 MBits/s
PA8.GPIOParameters=GPIO_PuPd,GPIO_Label
Mcu.Pin6=PA4
Mcu.Pin7=PA5
Mcu.Pin8=PA6
Mcu.Pin9=PA7
FREERTOS.IPParameters=Tasks01,FootprintOK
RCC.AHBFreq_Value=32000000
Mcu.Pin0=PC14-OSC32_IN (PC14)
Mcu.Pin1=PC15-OSC32_OUT (PC15)
GPIO.groupedBy=Expand Peripherals
Mcu.Pin2=PA0-CK_IN
Mcu.Pin3=PA1
Mcu.Pin4=PA2
Mcu.Pin5=PA3
I2C3.IPParameters=I2C_Speed_Mode,Timing,GeneralCallMode,DualAddressMode,OwnAddress2Masks,OwnAddress,OwnAddress2
ProjectManager.ProjectBuild=false
RCC.HSE_VALUE=8000000
NVIC.UsageFault_IRQn=true\:0\:0\:false\:false\:true\:false\:false\:false
NVIC.DebugMonitor_IRQn=true\:0\:0\:false\:false\:true\:false\:false\:false
PA4.GPIO_PuPd=GPIO_PULLUP
PA8.Locked=true
PA4.Locked=true
USART2.VirtualMode-Asynchronous=VM_ASYNC
NVIC.SysTick_IRQn=true\:15\:0\:false\:false\:false\:true\:false\:true
ProjectManager.FirmwarePackage=STM32Cube FW_L4 V1.16.0
PA0-CK_IN.Signal=GPIO_Input
MxDb.Version=DB.6.0.10
PH3-BOOT0\ (BOOT0).GPIOParameters=GPIO_Speed,GPIO_Label
PB0.GPIOParameters=GPIO_Label
PA13\ (JTMS/SWDIO).GPIO_Label=SWDIO
ProjectManager.BackupPrevious=false
RCC.VCOInputFreq_Value=32000000
VP_SYS_VS_tim1.Mode=TIM1
PA5.GPIO_PuPd=GPIO_PULLUP
PB1.GPIO_Label=GPO_B01_1
PB5.Mode=Full_Duplex_Master
SPI1.DataSize=SPI_DATASIZE_8BIT
File.Version=6
PB7.Signal=USART1_RX
PA8.Signal=GPIO_Input
PA14\ (JTCK/SWCLK).Mode=Serial_Wire
RCC.PLLRCLKFreq_Value=128000000
NVIC.PendSV_IRQn=true\:15\:0\:false\:false\:false\:true\:false\:false
PA13\ (JTMS/SWDIO).Locked=true
VP_FREERTOS_VS_CMSIS_V1.Mode=CMSIS_V1
ProjectManager.HalAssertFull=false
PB0.Locked=true
RCC.CRSFreq_Value=48000000
ProjectManager.ProjectName=Processor
Mcu.Package=LQFP32
PB1.Signal=GPIO_Output
PA6.Signal=SPI1_MISO
PA5.Locked=true
NVIC.TimeBase=TIM1_UP_TIM16_IRQn
ProjectManager.ToolChainLocation=
PA14\ (JTCK/SWCLK).Locked=true
RCC.LSI_VALUE=32000
NVIC.TimeBaseIP=TIM1
RCC.LSCOPinFreq_Value=32000
PA10.Signal=I2C1_SDA
FREERTOS.FootprintOK=true
PA5.GPIOParameters=GPIO_PuPd,GPIO_Label
PC14-OSC32_IN\ (PC14).Locked=true
PA14\ (JTCK/SWCLK).GPIO_Label=SWCLK
I2C3.Timing=0x00300F38
RCC.APB1TimFreq_Value=32000000
I2C3.OwnAddress2Masks=I2C_OA2_NOMASK
NVIC.BusFault_IRQn=true\:0\:0\:false\:false\:true\:false\:false\:false
RCC.LPUART1Freq_Value=32000000
PA12.GPIO_PuPd=GPIO_PULLUP
SPI1.BaudRatePrescaler=SPI_BAUDRATEPRESCALER_8
WWDG.IPParameters=Prescaler
PA4.GPIO_Label=GPI_A04_2
WWDG.Prescaler=WWDG_PRESCALER_8
ProjectManager.CustomerFirmwarePackage=
RCC.MSIClockRange=RCC_MSIRANGE_10
RCC.HSI48_VALUE=48000000
PA3.Signal=GPIO_Input
VP_WWDG_VS_WWDG.Signal=WWDG_VS_WWDG
PB3\ (JTDO/TRACESWO).GPIO_Label=GPO_B03_2
RCC.MSI_VALUE=32000000
RCC.PLLQoutputFreq_Value=128000000
ProjectManager.ProjectFileName=Processor.ioc
PC15-OSC32_OUT\ (PC15).GPIO_Label=GPO_C15_4
FREERTOS.Tasks01=startupTask,0,128,BootstrapTask,Default,NULL,Dynamic,NULL,NULL
PA7.Mode=I2C
PA13\ (JTMS/SWDIO).Mode=Serial_Wire
PA10.Mode=I2C
Mcu.PinsNb=29
I2C3.OwnAddress=0x01
ProjectManager.NoMain=false
SPI1.IPParameters=VirtualType,Mode,Direction,CalculateBaudRate,BaudRatePrescaler,DataSize,NSSPMode
NVIC.SavedSvcallIrqHandlerGenerated=true
PA11.GPIO_Label=GPI_A11_5
ProjectManager.DefaultFWLocation=true
PC15-OSC32_OUT\ (PC15).Signal=GPIO_Output
ProjectManager.DeletePrevious=true
I2C3.OwnAddress2=0x55
PA13\ (JTMS/SWDIO).GPIOParameters=GPIO_Label
PA12.GPIO_Label=GPI_A12_6
RCC.FamilyName=M
PC14-OSC32_IN\ (PC14).GPIO_Label=GPO_C14_3
I2C1.DualAddressMode=I2C_DUALADDRESS_DISABLE
USART1.VirtualMode-Asynchronous=VM_ASYNC
I2C3.GeneralCallMode=I2C_GENERALCALL_ENABLE
VP_FREERTOS_VS_CMSIS_V1.Signal=FREERTOS_VS_CMSIS_V1
PA11.Locked=true
PA9.Mode=I2C
PA8.GPIO_Label=GPI_A08_4
PB3\ (JTDO/TRACESWO).Locked=true
PB3\ (JTDO/TRACESWO).Signal=GPIO_Output
ProjectManager.TargetToolchain=STM32CubeIDE
PA9.Signal=I2C1_SCL
I2C1.Timing=0x00300F38
PB5.Locked=true
ProjectManager.RegisterCallBack=
PC15-OSC32_OUT\ (PC15).Locked=true
RCC.USBFreq_Value=32000000
PA0-CK_IN.GPIO_PuPd=GPIO_PULLUP
RCC.LSE_VALUE=32768
PA1.Signal=SPI1_SCK
PB1.Locked=true
PA5.Signal=GPIO_Input
board=custom
RCC.VCOOutputFreq_Value=256000000
ProjectManager.LastFirmware=true
PA0-CK_IN.Locked=true
NVIC.SavedSystickIrqHandlerGenerated=true
RCC.APB2Freq_Value=32000000
PA1.Mode=Full_Duplex_Master
MxCube.Version=6.1.2
RCC.I2C1Freq_Value=32000000
VP_SYS_VS_tim1.Signal=SYS_VS_tim1
SPI1.Mode=SPI_MODE_MASTER
I2C3.DualAddressMode=I2C_DUALADDRESS_ENABLE
RCC.RNGFreq_Value=32000000
RCC.ADCFreq_Value=32000000
NVIC.NonMaskableInt_IRQn=true\:0\:0\:false\:false\:true\:false\:false\:false
PA4.GPIOParameters=GPIO_PuPd,GPIO_Label
PB4\ (NJTRST).Mode=I2C
ProjectManager.FreePins=false
RCC.IPParameters=ADCFreq_Value,AHBFreq_Value,APB1Freq_Value,APB1TimFreq_Value,APB2Freq_Value,APB2TimFreq_Value,CRSFreq_Value,CortexFreq_Value,FCLKCortexFreq_Value,FamilyName,HCLKFreq_Value,HSE_VALUE,HSI48_VALUE,HSI_VALUE,I2C1Freq_Value,I2C3Freq_Value,LPTIM1Freq_Value,LPTIM2Freq_Value,LPUART1Freq_Value,LSCOPinFreq_Value,LSE_VALUE,LSI_VALUE,MCO1PinFreq_Value,MSIClockRange,MSI_VALUE,PLLQoutputFreq_Value,PLLRCLKFreq_Value,PWRFreq_Value,RNGFreq_Value,SYSCLKFreq_VALUE,USART1Freq_Value,USART2Freq_Value,USBFreq_Value,VCOInputFreq_Value,VCOOutputFreq_Value
ProjectManager.AskForMigrate=true
Mcu.Name=STM32L412KBTx
RCC.LPTIM2Freq_Value=32000000
Mcu.Pin26=VP_FREERTOS_VS_CMSIS_V1
Mcu.Pin27=VP_SYS_VS_tim1
NVIC.SavedPendsvIrqHandlerGenerated=true
SPI1.NSSPMode=SPI_NSS_PULSE_DISABLE
Mcu.Pin24=PB7
PA2.Signal=USART2_TX
ProjectManager.UnderRoot=true
Mcu.Pin25=PH3-BOOT0 (BOOT0)
Mcu.IP8=USART2
Mcu.IP9=WWDG
PH3-BOOT0\ (BOOT0).GPIO_Label=GPO_H03_5
Mcu.Pin28=VP_WWDG_VS_WWDG
Mcu.IP6=SYS
Mcu.IP7=USART1
ProjectManager.CoupleFile=false
PA4.Signal=GPIO_Input
RCC.SYSCLKFreq_VALUE=32000000
PB5.Signal=SPI1_MOSI
Mcu.Pin22=PB5
Mcu.Pin23=PB6
Mcu.Pin20=PB3 (JTDO/TRACESWO)
Mcu.Pin21=PB4 (NJTRST)
PA3.Locked=true
PA5.GPIO_Label=GPI_A05_3
NVIC.ForceEnableDMAVector=true
KeepUserPlacement=false
PC14-OSC32_IN\ (PC14).Signal=GPIO_Output
NVIC.MemoryManagement_IRQn=true\:0\:0\:false\:false\:true\:false\:false\:false
ProjectManager.CompilerOptimize=6
PA11.Signal=GPIO_Input
PB7.Mode=Asynchronous
ProjectManager.HeapSize=0x200
Mcu.Pin15=PA11
NVIC.HardFault_IRQn=true\:0\:0\:false\:false\:true\:false\:false\:false
Mcu.Pin16=PA12
Mcu.Pin13=PA9
Mcu.Pin14=PA10
VP_WWDG_VS_WWDG.Mode=WWDG_Activate
Mcu.Pin19=PA15 (JTDI)
ProjectManager.ComputerToolchain=false
Mcu.Pin17=PA13 (JTMS/SWDIO)
RCC.HSI_VALUE=16000000
PA8.GPIO_PuPd=GPIO_PULLUP
Mcu.Pin18=PA14 (JTCK/SWCLK)
PC14-OSC32_IN\ (PC14).GPIOParameters=GPIO_Label
NVIC.TIM1_UP_TIM16_IRQn=true\:0\:0\:false\:false\:true\:false\:false\:true
NVIC.PriorityGroup=NVIC_PRIORITYGROUP_4
Mcu.Pin11=PB1
Mcu.Pin12=PA8
Mcu.Pin10=PB0
PH3-BOOT0\ (BOOT0).Locked=true
PA2.Mode=Asynchronous
RCC.PWRFreq_Value=32000000
PH3-BOOT0\ (BOOT0).GPIO_Speed=GPIO_SPEED_FREQ_LOW
PA15\ (JTDI).Locked=true
RCC.APB1Freq_Value=32000000
PB0.Signal=GPIO_Output
ProjectManager.DeviceId=STM32L412KBTx
ProjectManager.LibraryCopy=1
PA13\ (JTMS/SWDIO).Signal=SYS_JTMS-SWDIO
PA3.GPIO_Label=GPI_A03_1
PB1.GPIOParameters=GPIO_Label
PA7.Signal=I2C3_SCL
I2C3.I2C_Speed_Mode=I2C_Fast
PB4\ (NJTRST).Signal=I2C3_SDA
