#MicroXplorer Configuration settings - do not modify
Mcu.Family=STM32L4
ProjectManager.MainLocation=Core/Src
PA6.Mode=Full_Duplex_Master
RCC.USART1Freq_Value=32000000
PA14\ (JTCK/SWCLK).GPIOParameters=GPIO_Label
USART2.IPParameters=VirtualMode-Asynchronous
RCC.CortexFreq_Value=32000000
ProjectManager.KeepUserCode=true
Mcu.UserName=STM32L412KBUx
SPI1.VirtualType=VM_MASTER
VP_IWDG_VS_IWDG.Mode=IWDG_Activate
PA3.GPIO_PuPd=GPIO_PULLUP
PA12.GPIOParameters=GPIO_Label
ProjectManager.functionlistsort=1-MX_GPIO_Init-GPIO-false-HAL-true,2-SystemClock_Config-RCC-false-HAL-false,3-MX_I2C1_Init-I2C1-false-HAL-true,4-MX_I2C3_Init-I2C3-false-HAL-true,5-MX_SPI1_Init-SPI1-false-HAL-true,6-MX_USART1_UART_Init-USART1-false-HAL-true,7-MX_USART2_UART_Init-USART2-false-HAL-true,8-MX_WWDG_Init-WWDG-false-HAL-true
PA11.GPIOParameters=GPIO_Label
PA3.GPIOParameters=GPIO_PuPd,GPIO_Label
PB0.GPIO_Label=GPO_B00_0
RCC.USART2Freq_Value=32000000
PA15\ (JTDI).Signal=USART2_RX
PH3-BOOT0\ (BOOT0).Signal=GPIO_Output
PC15-OSC32_OUT\ (PC15).Mode=LSE-External-Oscillator
USART1.IPParameters=VirtualMode-Asynchronous
PB3\ (JTDO/TRACESWO).GPIOParameters=GPIO_Label
PinOutPanel.RotationAngle=0
RCC.MCO1PinFreq_Value=32000000
ProjectManager.StackSize=0x400
PC14-OSC32_IN\ (PC14).Mode=LSE-External-Oscillator
RCC.I2C3Freq_Value=32000000
RCC.LPTIM1Freq_Value=32000000
Mcu.IP4=NVIC
Mcu.IP5=RCC
RCC.FCLKCortexFreq_Value=32000000
I2C1.IPParameters=Timing
Mcu.IP2=I2C3
NVIC.SVCall_IRQn=true\:0\:0\:false\:false\:false\:false\:false\:false
Mcu.IP3=IWDG
Mcu.IP0=FREERTOS
PA12.Locked=true
PA14\ (JTCK/SWCLK).Signal=SYS_JTCK-SWCLK
PA15\ (JTDI).Mode=Asynchronous
Mcu.IP1=I2C1
PA12.Signal=GPIO_Input
Mcu.UserConstants=
Mcu.ThirdPartyNb=0
SPI1.Direction=SPI_DIRECTION_2LINES
RCC.HCLKFreq_Value=32000000
RCC.FLatency=FLASH_LATENCY_1
Mcu.IPNb=10
ProjectManager.PreviousToolchain=STM32CubeIDE
RCC.APB2TimFreq_Value=32000000
PB6.Signal=USART1_TX
PB6.Mode=Asynchronous
SPI1.CalculateBaudRate=4.0 MBits/s
PA8.GPIOParameters=GPIO_Label
Mcu.Pin6=PA4
Mcu.Pin7=PA5
Mcu.Pin8=PA6
RCC.HSICalibrationValue=16
Mcu.Pin9=PA7
FREERTOS.IPParameters=Tasks01,FootprintOK
RCC.AHBFreq_Value=32000000
Mcu.Pin0=PC14-OSC32_IN (PC14)
Mcu.Pin1=PC15-OSC32_OUT (PC15)
GPIO.groupedBy=Group By Peripherals
Mcu.Pin2=PA0-CK_IN
Mcu.Pin3=PA1
Mcu.Pin4=PA2
Mcu.Pin5=PA3
I2C3.IPParameters=Timing
ProjectManager.ProjectBuild=false
RCC.HSE_VALUE=8000000
NVIC.UsageFault_IRQn=true\:0\:0\:false\:false\:true\:false\:false\:false
NVIC.DebugMonitor_IRQn=true\:0\:0\:false\:false\:true\:false\:false\:false
PA8.Locked=true
PA4.Locked=true
USART2.VirtualMode-Asynchronous=VM_ASYNC
NVIC.SysTick_IRQn=true\:15\:0\:true\:false\:false\:true\:true\:true
ProjectManager.FirmwarePackage=STM32Cube FW_L4 V1.16.0
PA0-CK_IN.Signal=RCC_CK_IN
MxDb.Version=DB.6.0.10
PH3-BOOT0\ (BOOT0).GPIOParameters=GPIO_Label
PB0.GPIOParameters=GPIO_Label
PA13\ (JTMS/SWDIO).GPIO_Label=SWDIO
ProjectManager.BackupPrevious=false
RCC.VCOInputFreq_Value=32000000
VP_SYS_VS_tim1.Mode=TIM1
PB1.GPIO_Label=GPO_B01_1
PB5.Mode=Full_Duplex_Master
File.Version=6
PB7.Signal=USART1_RX
PA8.Signal=GPIO_Input
PA14\ (JTCK/SWCLK).Mode=Serial_Wire
RCC.PLLRCLKFreq_Value=128000000
PB6.Locked=true
NVIC.PendSV_IRQn=true\:15\:0\:false\:false\:false\:true\:false\:false
PA13\ (JTMS/SWDIO).Locked=true
VP_FREERTOS_VS_CMSIS_V1.Mode=CMSIS_V1
ProjectManager.HalAssertFull=false
PB0.Locked=true
RCC.CRSFreq_Value=48000000
ProjectManager.ProjectName=Nucleo
Mcu.Package=UFQFPN32
PB1.Signal=GPIO_Output
PA6.Signal=SPI1_MISO
PA5.Locked=true
NVIC.TimeBase=TIM1_UP_TIM16_IRQn
ProjectManager.ToolChainLocation=
PA14\ (JTCK/SWCLK).Locked=true
RCC.LSI_VALUE=32000
NVIC.TimeBaseIP=TIM1
RCC.LSCOPinFreq_Value=32000
PA10.Signal=I2C1_SDA
FREERTOS.FootprintOK=true
PA5.GPIOParameters=GPIO_Label
PC14-OSC32_IN\ (PC14).Locked=true
PA14\ (JTCK/SWCLK).GPIO_Label=SWCLK
I2C3.Timing=0x00707CBB
RCC.APB1TimFreq_Value=32000000
NVIC.BusFault_IRQn=true\:0\:0\:false\:false\:true\:false\:false\:false
RCC.LPUART1Freq_Value=32000000
SPI1.BaudRatePrescaler=SPI_BAUDRATEPRESCALER_8
PA4.GPIO_Label=GPI_A04_2
ProjectManager.CustomerFirmwarePackage=
RCC.MSIClockRange=RCC_MSIRANGE_10
RCC.HSI48_VALUE=48000000
PA3.Signal=GPIO_Input
PA2.Locked=true
PB3\ (JTDO/TRACESWO).GPIO_Label=GPO_B03_2
RCC.MSI_VALUE=32000000
RCC.PLLQoutputFreq_Value=128000000
ProjectManager.ProjectFileName=Nucleo.ioc
FREERTOS.Tasks01=startupTask,0,128,BootstrapTask,As weak,NULL,Dynamic,NULL,NULL
PA7.Mode=I2C
PA13\ (JTMS/SWDIO).Mode=Serial_Wire
PA10.Mode=I2C
Mcu.PinsNb=29
ProjectManager.NoMain=false
SPI1.IPParameters=VirtualType,Mode,Direction,CalculateBaudRate,BaudRatePrescaler
PA0-CK_IN.Mode=HSE-External-Clock-Source-for-LittleOrca
NVIC.SavedSvcallIrqHandlerGenerated=true
PA11.GPIO_Label=GPI_A11_5
ProjectManager.DefaultFWLocation=true
PC15-OSC32_OUT\ (PC15).Signal=RCC_OSC32_OUT
ProjectManager.DeletePrevious=true
boardIOC=true
PA13\ (JTMS/SWDIO).GPIOParameters=GPIO_Label
PA12.GPIO_Label=GPI_A12_6
RCC.FamilyName=M
USART1.VirtualMode-Asynchronous=VM_ASYNC
VP_FREERTOS_VS_CMSIS_V1.Signal=FREERTOS_VS_CMSIS_V1
PA11.Locked=true
PA9.Mode=I2C
PA8.GPIO_Label=GPI_A08_4
PB3\ (JTDO/TRACESWO).Locked=true
PB3\ (JTDO/TRACESWO).Signal=GPIO_Output
ProjectManager.TargetToolchain=STM32CubeIDE
PA9.Signal=I2C1_SCL
I2C1.Timing=0x00707CBB
PB5.Locked=true
ProjectManager.RegisterCallBack=
PC15-OSC32_OUT\ (PC15).Locked=true
RCC.USBFreq_Value=32000000
PA1.Signal=SPI1_SCK
PB1.Locked=true
PA5.Signal=GPIO_Input
board=NUCLEO-L412KB
RCC.VCOOutputFreq_Value=256000000
ProjectManager.LastFirmware=true
NVIC.SavedSystickIrqHandlerGenerated=true
RCC.APB2Freq_Value=32000000
PA1.Mode=Full_Duplex_Master
MxCube.Version=6.1.2
RCC.I2C1Freq_Value=32000000
VP_SYS_VS_tim1.Signal=SYS_VS_tim1
SPI1.Mode=SPI_MODE_MASTER
RCC.RNGFreq_Value=32000000
RCC.ADCFreq_Value=32000000
PA9.Locked=true
NVIC.NonMaskableInt_IRQn=true\:0\:0\:false\:false\:true\:false\:false\:false
PA4.GPIOParameters=GPIO_Label
PB4\ (NJTRST).Mode=I2C
ProjectManager.FreePins=false
RCC.IPParameters=ADCFreq_Value,AHBFreq_Value,APB1Freq_Value,APB1TimFreq_Value,APB2Freq_Value,APB2TimFreq_Value,CRSFreq_Value,CortexFreq_Value,FCLKCortexFreq_Value,FLatency,FamilyName,HCLKFreq_Value,HSE_VALUE,HSI48_VALUE,HSICalibrationValue,HSI_VALUE,I2C1Freq_Value,I2C3Freq_Value,LPTIM1Freq_Value,LPTIM2Freq_Value,LPUART1Freq_Value,LSCOPinFreq_Value,LSI_VALUE,MCO1PinFreq_Value,MSIClockRange,MSI_VALUE,PLLQoutputFreq_Value,PLLRCLKFreq_Value,PWRFreq_Value,RNGFreq_Value,SYSCLKFreq_VALUE,USART1Freq_Value,USART2Freq_Value,USBFreq_Value,VCOInputFreq_Value,VCOOutputFreq_Value
ProjectManager.AskForMigrate=true
Mcu.Name=STM32L412KBUx
RCC.LPTIM2Freq_Value=32000000
Mcu.Pin26=VP_FREERTOS_VS_CMSIS_V1
Mcu.Pin27=VP_IWDG_VS_IWDG
NVIC.SavedPendsvIrqHandlerGenerated=true
Mcu.Pin24=PB7
PA2.Signal=USART2_TX
ProjectManager.UnderRoot=true
Mcu.Pin25=PH3-BOOT0 (BOOT0)
Mcu.IP8=USART1
Mcu.IP9=USART2
PH3-BOOT0\ (BOOT0).GPIO_Label=GPO_H03_5
Mcu.Pin28=VP_SYS_VS_tim1
Mcu.IP6=SPI1
Mcu.IP7=SYS
ProjectManager.CoupleFile=true
PA4.Signal=GPIO_Input
RCC.SYSCLKFreq_VALUE=32000000
PB5.Signal=SPI1_MOSI
Mcu.Pin22=PB5
Mcu.Pin23=PB6
Mcu.Pin20=PB3 (JTDO/TRACESWO)
Mcu.Pin21=PB4 (NJTRST)
PA3.Locked=true
PA5.GPIO_Label=GPI_A05_3
PA10.Locked=true
NVIC.ForceEnableDMAVector=true
KeepUserPlacement=false
PC14-OSC32_IN\ (PC14).Signal=RCC_OSC32_IN
NVIC.MemoryManagement_IRQn=true\:0\:0\:false\:false\:true\:false\:false\:false
ProjectManager.CompilerOptimize=6
PA11.Signal=GPIO_Input
PB7.Mode=Asynchronous
VP_IWDG_VS_IWDG.Signal=IWDG_VS_IWDG
ProjectManager.HeapSize=0x200
Mcu.Pin15=PA11
NVIC.HardFault_IRQn=true\:0\:0\:false\:false\:true\:false\:false\:false
Mcu.Pin16=PA12
Mcu.Pin13=PA9
Mcu.Pin14=PA10
Mcu.Pin19=PA15 (JTDI)
ProjectManager.ComputerToolchain=false
Mcu.Pin17=PA13 (JTMS/SWDIO)
RCC.HSI_VALUE=16000000
Mcu.Pin18=PA14 (JTCK/SWCLK)
NVIC.TIM1_UP_TIM16_IRQn=true\:0\:0\:false\:false\:true\:false\:false\:true
NVIC.PriorityGroup=NVIC_PRIORITYGROUP_4
Mcu.Pin11=PB1
Mcu.Pin12=PA8
Mcu.Pin10=PB0
PH3-BOOT0\ (BOOT0).Locked=true
PB7.Locked=true
PA2.Mode=Asynchronous
RCC.PWRFreq_Value=32000000
PA15\ (JTDI).Locked=true
RCC.APB1Freq_Value=32000000
PB0.Signal=GPIO_Output
ProjectManager.DeviceId=STM32L412KBUx
ProjectManager.LibraryCopy=1
PA13\ (JTMS/SWDIO).Signal=SYS_JTMS-SWDIO
PA3.GPIO_Label=GPI_A03_1
PB1.GPIOParameters=GPIO_Label
PA7.Signal=I2C3_SCL
PB4\ (NJTRST).Signal=I2C3_SDA
PA6.Locked=true
