
Microsoft Visual Studio Solution File, Format Version 12.00
# Visual Studio Version 16
VisualStudioVersion = 16.0.30804.86
MinimumVisualStudioVersion = 10.0.40219.1
Project("{FAE04EC0-301F-11D3-BF4B-00C04F79EFBC}") = "LogicCompile", "LogicCompile\LogicCompile.csproj", "{67AB8A57-BC09-4052-8841-350D58184E9B}"
EndProject
Global
	GlobalSection(SolutionConfigurationPlatforms) = preSolution
		Debug|Any CPU = Debug|Any CPU
		Release|Any CPU = Release|Any CPU
	EndGlobalSection
	GlobalSection(ProjectConfigurationPlatforms) = postSolution
		{67AB8A57-BC09-4052-8841-350D58184E9B}.Debug|Any CPU.ActiveCfg = Debug|Any CPU
		{67AB8A57-BC09-4052-8841-350D58184E9B}.Debug|Any CPU.Build.0 = Debug|Any CPU
		{67AB8A57-BC09-4052-8841-350D58184E9B}.Release|Any CPU.ActiveCfg = Release|Any CPU
		{67AB8A57-BC09-4052-8841-350D58184E9B}.Release|Any CPU.Build.0 = Release|Any CPU
	EndGlobalSection
	GlobalSection(SolutionProperties) = preSolution
		HideSolutionNode = FALSE
	EndGlobalSection
	GlobalSection(ExtensibilityGlobals) = postSolution
		SolutionGuid = {798B3E5F-1357-4553-94AE-9CED6483F98B}
	EndGlobalSection
EndGlobal
